
Microsoft Visual Studio Solution File, Format Version 12.00
Project("{FAE04EC0-301F-11D3-BF4B-00C04F79EFBC}") = "Hw1", "Hw1\Hw1.csproj", "{BF232DBD-A7D4-4D84-8776-88EF85673DBA}"
EndProject
Project("{FAE04EC0-301F-11D3-BF4B-00C04F79EFBC}") = "Hw2", "Hw2\Hw2.csproj", "{4F20CA5C-0A37-4668-BED8-1CB762790010}"
EndProject
Project("{FAE04EC0-301F-11D3-BF4B-00C04F79EFBC}") = "Hw3", "Hw3\Hw3.csproj", "{E9601BCB-4951-4B7C-8DF6-CACD8D687249}"
EndProject
Project("{FAE04EC0-301F-11D3-BF4B-00C04F79EFBC}") = "Hw4", "Hw4\Hw4.csproj", "{82DEDE9F-0078-48EE-99AE-7F27F309FB17}"
EndProject
Project("{FAE04EC0-301F-11D3-BF4B-00C04F79EFBC}") = "Hw6", "Hw6\Hw6.csproj", "{C780E455-6457-470A-AF54-DA60E478B56D}"
EndProject
Global
	GlobalSection(SolutionConfigurationPlatforms) = preSolution
		Debug|Any CPU = Debug|Any CPU
		Release|Any CPU = Release|Any CPU
	EndGlobalSection
	GlobalSection(ProjectConfigurationPlatforms) = postSolution
		{BF232DBD-A7D4-4D84-8776-88EF85673DBA}.Debug|Any CPU.ActiveCfg = Debug|Any CPU
		{BF232DBD-A7D4-4D84-8776-88EF85673DBA}.Debug|Any CPU.Build.0 = Debug|Any CPU
		{BF232DBD-A7D4-4D84-8776-88EF85673DBA}.Release|Any CPU.ActiveCfg = Release|Any CPU
		{BF232DBD-A7D4-4D84-8776-88EF85673DBA}.Release|Any CPU.Build.0 = Release|Any CPU
		{4F20CA5C-0A37-4668-BED8-1CB762790010}.Debug|Any CPU.ActiveCfg = Debug|Any CPU
		{4F20CA5C-0A37-4668-BED8-1CB762790010}.Debug|Any CPU.Build.0 = Debug|Any CPU
		{4F20CA5C-0A37-4668-BED8-1CB762790010}.Release|Any CPU.ActiveCfg = Release|Any CPU
		{4F20CA5C-0A37-4668-BED8-1CB762790010}.Release|Any CPU.Build.0 = Release|Any CPU
		{E9601BCB-4951-4B7C-8DF6-CACD8D687249}.Debug|Any CPU.ActiveCfg = Debug|Any CPU
		{E9601BCB-4951-4B7C-8DF6-CACD8D687249}.Debug|Any CPU.Build.0 = Debug|Any CPU
		{E9601BCB-4951-4B7C-8DF6-CACD8D687249}.Release|Any CPU.ActiveCfg = Release|Any CPU
		{E9601BCB-4951-4B7C-8DF6-CACD8D687249}.Release|Any CPU.Build.0 = Release|Any CPU
		{82DEDE9F-0078-48EE-99AE-7F27F309FB17}.Debug|Any CPU.ActiveCfg = Debug|Any CPU
		{82DEDE9F-0078-48EE-99AE-7F27F309FB17}.Debug|Any CPU.Build.0 = Debug|Any CPU
		{82DEDE9F-0078-48EE-99AE-7F27F309FB17}.Release|Any CPU.ActiveCfg = Release|Any CPU
		{82DEDE9F-0078-48EE-99AE-7F27F309FB17}.Release|Any CPU.Build.0 = Release|Any CPU
		{C780E455-6457-470A-AF54-DA60E478B56D}.Debug|Any CPU.ActiveCfg = Debug|Any CPU
		{C780E455-6457-470A-AF54-DA60E478B56D}.Debug|Any CPU.Build.0 = Debug|Any CPU
		{C780E455-6457-470A-AF54-DA60E478B56D}.Release|Any CPU.ActiveCfg = Release|Any CPU
		{C780E455-6457-470A-AF54-DA60E478B56D}.Release|Any CPU.Build.0 = Release|Any CPU
	EndGlobalSection
EndGlobal
