
Microsoft Visual Studio Solution File, Format Version 12.00
Project("{FAE04EC0-301F-11D3-BF4B-00C04F79EFBC}") = "Hillel", "Hillel\Hillel.csproj", "{BF232DBD-A7D4-4D84-8776-88EF85673DBA}"
EndProject
Global
	GlobalSection(SolutionConfigurationPlatforms) = preSolution
		Debug|Any CPU = Debug|Any CPU
		Release|Any CPU = Release|Any CPU
	EndGlobalSection
	GlobalSection(ProjectConfigurationPlatforms) = postSolution
		{BF232DBD-A7D4-4D84-8776-88EF85673DBA}.Debug|Any CPU.ActiveCfg = Debug|Any CPU
		{BF232DBD-A7D4-4D84-8776-88EF85673DBA}.Debug|Any CPU.Build.0 = Debug|Any CPU
		{BF232DBD-A7D4-4D84-8776-88EF85673DBA}.Release|Any CPU.ActiveCfg = Release|Any CPU
		{BF232DBD-A7D4-4D84-8776-88EF85673DBA}.Release|Any CPU.Build.0 = Release|Any CPU
	EndGlobalSection
EndGlobal
